
Microsoft Visual Studio Solution File, Format Version 12.00
# Visual Studio 15
Project("{FAE04EC0-301F-11D3-BF4B-00C04F79EFBC}") = "Assembly-CSharp", "Assembly-CSharp.csproj", "{68C43663-C8B1-0867-18B0-DF1731FEB102}"
EndProject
Project("{FAE04EC0-301F-11D3-BF4B-00C04F79EFBC}") = "Assembly-CSharp-Editor", "Assembly-CSharp-Editor.csproj", "{80259154-2C0F-55A1-EB76-1AFC9E6F8B1D}"
EndProject
Global
	GlobalSection(SolutionConfigurationPlatforms) = preSolution
		Debug|Any CPU = Debug|Any CPU
		Release|Any CPU = Release|Any CPU
	EndGlobalSection
	GlobalSection(ProjectConfigurationPlatforms) = postSolution
		{68C43663-C8B1-0867-18B0-DF1731FEB102}.Debug|Any CPU.ActiveCfg = Debug|Any CPU
		{68C43663-C8B1-0867-18B0-DF1731FEB102}.Debug|Any CPU.Build.0 = Debug|Any CPU
		{68C43663-C8B1-0867-18B0-DF1731FEB102}.Release|Any CPU.ActiveCfg = Release|Any CPU
		{68C43663-C8B1-0867-18B0-DF1731FEB102}.Release|Any CPU.Build.0 = Release|Any CPU
		{80259154-2C0F-55A1-EB76-1AFC9E6F8B1D}.Debug|Any CPU.ActiveCfg = Debug|Any CPU
		{80259154-2C0F-55A1-EB76-1AFC9E6F8B1D}.Debug|Any CPU.Build.0 = Debug|Any CPU
		{80259154-2C0F-55A1-EB76-1AFC9E6F8B1D}.Release|Any CPU.ActiveCfg = Release|Any CPU
		{80259154-2C0F-55A1-EB76-1AFC9E6F8B1D}.Release|Any CPU.Build.0 = Release|Any CPU
	EndGlobalSection
	GlobalSection(SolutionProperties) = preSolution
		HideSolutionNode = FALSE
	EndGlobalSection
EndGlobal
